
Microsoft Visual Studio Solution File, Format Version 12.00
# Visual Studio Version 17
VisualStudioVersion = 17.11.35222.181
MinimumVisualStudioVersion = 10.0.40219.1
Project("{2150E333-8FDC-42A3-9474-1A3956D46DE8}") = "Task0", "Task0", "{0E0E7612-C4B7-475D-A749-5F0F2CF7349E}"
EndProject
Project("{9A19103F-16F7-4668-BE54-9A1E7A4F7556}") = "Tyuiu.RaushKN.Sprint4.Task0.V22", "Tyuiu.RaushKN.Sprint4.Task0.V22\Tyuiu.RaushKN.Sprint4.Task0.V22.csproj", "{0942306E-A94A-40D4-8238-604A176BF84C}"
EndProject
Project("{9A19103F-16F7-4668-BE54-9A1E7A4F7556}") = "Tyuiu.RaushKN.Sprint4.Task0.V22.Test", "Tyuiu.RaushKN.Sprint4.Task0.V22.Test\Tyuiu.RaushKN.Sprint4.Task0.V22.Test.csproj", "{36D4EBA6-1A79-431B-B4DA-21D54FCB6D58}"
EndProject
Project("{9A19103F-16F7-4668-BE54-9A1E7A4F7556}") = "Tyuiu.RaushKN.Sprint4.Task0.V22.Lib", "Tyuiu.RaushKN.Sprint4.task0.V22.Lib\Tyuiu.RaushKN.Sprint4.Task0.V22.Lib.csproj", "{4B6FA796-D2FD-4E81-B473-7AAE4C1A765A}"
EndProject
Project("{2150E333-8FDC-42A3-9474-1A3956D46DE8}") = "Task1", "Task1", "{0CA36793-8D54-47CD-AFA7-6E5D9663D500}"
EndProject
Project("{9A19103F-16F7-4668-BE54-9A1E7A4F7556}") = "Tyuiu.RaushKN.Sprint4.Task1.V30.Test", "Tyuiu.RaushKN.Sprint4.Task1.V30.Test\Tyuiu.RaushKN.Sprint4.Task1.V30.Test.csproj", "{C54DB4FB-5CC9-4D41-AB12-13ACEECBE0D2}"
EndProject
Project("{9A19103F-16F7-4668-BE54-9A1E7A4F7556}") = "Tyuiu.RaushKN.Sprint4.Task1.V30.Lib", "Tyuiu.RaushKN.Sprint4.Task1.V30.Lib\Tyuiu.RaushKN.Sprint4.Task1.V30.Lib.csproj", "{0D8DC2AC-2297-4338-8DEF-3E015B174949}"
EndProject
Project("{9A19103F-16F7-4668-BE54-9A1E7A4F7556}") = "Tyuiu.RaushKN.Sprint4.Task1.V30", "Tyuiu.RaushKN.Sprint4.Task1.V30\Tyuiu.RaushKN.Sprint4.Task1.V30.csproj", "{24C0120E-4D38-429E-918C-65B0180CA972}"
EndProject
Project("{2150E333-8FDC-42A3-9474-1A3956D46DE8}") = "Task2", "Task2", "{15FF1CF7-5579-4014-AF40-D0616AE8399D}"
EndProject
Project("{9A19103F-16F7-4668-BE54-9A1E7A4F7556}") = "Tyuiu.RaushKN.Sprint4.Task2.V8", "Tyuiu.RaushKN.Sprint4.Task2.V8\Tyuiu.RaushKN.Sprint4.Task2.V8.csproj", "{90EA7BD1-F62B-4BE7-B60A-EA3AE23907C3}"
EndProject
Project("{9A19103F-16F7-4668-BE54-9A1E7A4F7556}") = "Tyuiu.RaushKN.Sprint4.Task2.V8.Lib", "Tyuiu.RaushKN.Sprint4.Task2.V8.Lib\Tyuiu.RaushKN.Sprint4.Task2.V8.Lib.csproj", "{FE5E8B3C-3058-4CCC-9785-018DE26DC478}"
EndProject
Project("{9A19103F-16F7-4668-BE54-9A1E7A4F7556}") = "Tyuiu.RaushKN.Sprint4.Task2.V8.Test", "Tyuiu.RaushKN.Sprint4.Task2.V8.Test\Tyuiu.RaushKN.Sprint4.Task2.V8.Test.csproj", "{D45D4C79-1BAC-4164-BA7F-3901EE5C2225}"
EndProject
Project("{2150E333-8FDC-42A3-9474-1A3956D46DE8}") = "Task3", "Task3", "{0178F105-6139-4B30-8FB9-54653F192A4B}"
EndProject
Project("{9A19103F-16F7-4668-BE54-9A1E7A4F7556}") = "Tyuiu.RaushKN.Sprint4.Task3.V11", "Tyuiu.RaushKN.Sprint4.Task3.V11\Tyuiu.RaushKN.Sprint4.Task3.V11.csproj", "{DF0CF49D-1EB4-4239-A7F4-E0053BA0FB40}"
EndProject
Project("{9A19103F-16F7-4668-BE54-9A1E7A4F7556}") = "Tyuiu.RaushKN.Sprint4.Task3.V11.Test", "Tyuiu.RaushKN.Sprint4.Task3.V11.Test\Tyuiu.RaushKN.Sprint4.Task3.V11.Test.csproj", "{C109D240-9A99-42E3-9972-A52BB20D2070}"
EndProject
Project("{9A19103F-16F7-4668-BE54-9A1E7A4F7556}") = "Tyuiu.RaushKN.Sprint4.Task3.V11.Lib", "Tyuiu.RaushKN.Sprint4.Task3.V11.Lib\Tyuiu.RaushKN.Sprint4.Task3.V11.Lib.csproj", "{E0F88817-B1B9-4B59-A8CE-2D5E997AC6B7}"
EndProject
Project("{2150E333-8FDC-42A3-9474-1A3956D46DE8}") = "Task4", "Task4", "{8E04A9CC-EE88-4F46-AEDE-C930DF46F226}"
EndProject
Project("{FAE04EC0-301F-11D3-BF4B-00C04F79EFBC}") = "Tyuiu.RaushKN.Sprint4.Task4.V8", "Tyuiu.RaushKN.Sprint4.Task4.V8\Tyuiu.RaushKN.Sprint4.Task4.V8.csproj", "{76669E89-E251-414E-8C16-96163BDAE986}"
EndProject
Project("{FAE04EC0-301F-11D3-BF4B-00C04F79EFBC}") = "Tyuiu.RaushKN.Sprint4.Task4.V8.Lib", "Tyuiu.RaushKN.Sprint4.Task4.V8.Lib\Tyuiu.RaushKN.Sprint4.Task4.V8.Lib.csproj", "{4CCB8E3B-2916-4BF8-A168-DD7E4C7481FB}"
EndProject
Project("{FAE04EC0-301F-11D3-BF4B-00C04F79EFBC}") = "Tyuiu.RaushKN.Sprint4.Task4.V8.Test", "Tyuiu.RaushKN.Sprint4.Task4.V8.Test\Tyuiu.RaushKN.Sprint4.Task4.V8.Test.csproj", "{A1644B9A-370A-471A-91B0-080798E7E378}"
EndProject
Project("{2150E333-8FDC-42A3-9474-1A3956D46DE8}") = "Task5", "Task5", "{0AAC4659-0CF4-47BA-9AF2-0E3FF64652A8}"
EndProject
Project("{FAE04EC0-301F-11D3-BF4B-00C04F79EFBC}") = "Tyuiu.RaushKN.Sprint4.Task5.V30", "Tyuiu.RaushKN.Sprint4.Task5.V30\Tyuiu.RaushKN.Sprint4.Task5.V30.csproj", "{D74C1F3A-F896-4EFA-98E3-B1F2E912E78C}"
EndProject
Project("{FAE04EC0-301F-11D3-BF4B-00C04F79EFBC}") = "Tyuiu.RaushKN.Sprint4.Task5.V30.Test", "Tyuiu.RaushKN.Sprint4.Task5.V30.Test\Tyuiu.RaushKN.Sprint4.Task5.V30.Test.csproj", "{A4D9D7A8-187F-4F1B-9448-D60BF8948F1C}"
EndProject
Project("{FAE04EC0-301F-11D3-BF4B-00C04F79EFBC}") = "Tyuiu.RaushKN.Sprint4.Task5.V30.Lib", "Tyuiu.RaushKN.Sprint4.Task5.V30.Lib\Tyuiu.RaushKN.Sprint4.Task5.V30.Lib.csproj", "{95C7D15E-6810-48E7-AA91-CEC1108CC076}"
EndProject
Project("{2150E333-8FDC-42A3-9474-1A3956D46DE8}") = "Task6", "Task6", "{7D4CFA5D-430C-48EE-8BA3-3EC7AA081942}"
EndProject
Project("{FAE04EC0-301F-11D3-BF4B-00C04F79EFBC}") = "Tyuiu.RaushKN.Sprint4.Task6.V16", "Tyuiu.RaushKN.Sprint4.Task6.V16\Tyuiu.RaushKN.Sprint4.Task6.V16.csproj", "{E8A965F9-0388-4D94-AB62-2963A029A967}"
EndProject
Project("{FAE04EC0-301F-11D3-BF4B-00C04F79EFBC}") = "Tyuiu.RaushKN.Sprint4.Task6.V16.Lib", "Tyuiu.RaushKN.Sprint4.Task6.V16.Lib\Tyuiu.RaushKN.Sprint4.Task6.V16.Lib.csproj", "{AB3BBCB0-98AF-49B6-A890-67F348437A40}"
EndProject
Project("{FAE04EC0-301F-11D3-BF4B-00C04F79EFBC}") = "Tyuiu.RaushKN.Sprint4.Task6.V16.Test", "Tyuiu.RaushKN.Sprint4.Task6.V16.Test\Tyuiu.RaushKN.Sprint4.Task6.V16.Test.csproj", "{F6788837-A241-4DE5-8BBE-680BF6516986}"
EndProject
Global
	GlobalSection(SolutionConfigurationPlatforms) = preSolution
		Debug|Any CPU = Debug|Any CPU
		Release|Any CPU = Release|Any CPU
	EndGlobalSection
	GlobalSection(ProjectConfigurationPlatforms) = postSolution
		{0942306E-A94A-40D4-8238-604A176BF84C}.Debug|Any CPU.ActiveCfg = Debug|Any CPU
		{0942306E-A94A-40D4-8238-604A176BF84C}.Debug|Any CPU.Build.0 = Debug|Any CPU
		{0942306E-A94A-40D4-8238-604A176BF84C}.Release|Any CPU.ActiveCfg = Release|Any CPU
		{0942306E-A94A-40D4-8238-604A176BF84C}.Release|Any CPU.Build.0 = Release|Any CPU
		{36D4EBA6-1A79-431B-B4DA-21D54FCB6D58}.Debug|Any CPU.ActiveCfg = Debug|Any CPU
		{36D4EBA6-1A79-431B-B4DA-21D54FCB6D58}.Debug|Any CPU.Build.0 = Debug|Any CPU
		{36D4EBA6-1A79-431B-B4DA-21D54FCB6D58}.Release|Any CPU.ActiveCfg = Release|Any CPU
		{36D4EBA6-1A79-431B-B4DA-21D54FCB6D58}.Release|Any CPU.Build.0 = Release|Any CPU
		{4B6FA796-D2FD-4E81-B473-7AAE4C1A765A}.Debug|Any CPU.ActiveCfg = Debug|Any CPU
		{4B6FA796-D2FD-4E81-B473-7AAE4C1A765A}.Debug|Any CPU.Build.0 = Debug|Any CPU
		{4B6FA796-D2FD-4E81-B473-7AAE4C1A765A}.Release|Any CPU.ActiveCfg = Release|Any CPU
		{4B6FA796-D2FD-4E81-B473-7AAE4C1A765A}.Release|Any CPU.Build.0 = Release|Any CPU
		{C54DB4FB-5CC9-4D41-AB12-13ACEECBE0D2}.Debug|Any CPU.ActiveCfg = Debug|Any CPU
		{C54DB4FB-5CC9-4D41-AB12-13ACEECBE0D2}.Debug|Any CPU.Build.0 = Debug|Any CPU
		{C54DB4FB-5CC9-4D41-AB12-13ACEECBE0D2}.Release|Any CPU.ActiveCfg = Release|Any CPU
		{C54DB4FB-5CC9-4D41-AB12-13ACEECBE0D2}.Release|Any CPU.Build.0 = Release|Any CPU
		{0D8DC2AC-2297-4338-8DEF-3E015B174949}.Debug|Any CPU.ActiveCfg = Debug|Any CPU
		{0D8DC2AC-2297-4338-8DEF-3E015B174949}.Debug|Any CPU.Build.0 = Debug|Any CPU
		{0D8DC2AC-2297-4338-8DEF-3E015B174949}.Release|Any CPU.ActiveCfg = Release|Any CPU
		{0D8DC2AC-2297-4338-8DEF-3E015B174949}.Release|Any CPU.Build.0 = Release|Any CPU
		{24C0120E-4D38-429E-918C-65B0180CA972}.Debug|Any CPU.ActiveCfg = Debug|Any CPU
		{24C0120E-4D38-429E-918C-65B0180CA972}.Debug|Any CPU.Build.0 = Debug|Any CPU
		{24C0120E-4D38-429E-918C-65B0180CA972}.Release|Any CPU.ActiveCfg = Release|Any CPU
		{24C0120E-4D38-429E-918C-65B0180CA972}.Release|Any CPU.Build.0 = Release|Any CPU
		{90EA7BD1-F62B-4BE7-B60A-EA3AE23907C3}.Debug|Any CPU.ActiveCfg = Debug|Any CPU
		{90EA7BD1-F62B-4BE7-B60A-EA3AE23907C3}.Debug|Any CPU.Build.0 = Debug|Any CPU
		{90EA7BD1-F62B-4BE7-B60A-EA3AE23907C3}.Release|Any CPU.ActiveCfg = Release|Any CPU
		{90EA7BD1-F62B-4BE7-B60A-EA3AE23907C3}.Release|Any CPU.Build.0 = Release|Any CPU
		{FE5E8B3C-3058-4CCC-9785-018DE26DC478}.Debug|Any CPU.ActiveCfg = Debug|Any CPU
		{FE5E8B3C-3058-4CCC-9785-018DE26DC478}.Debug|Any CPU.Build.0 = Debug|Any CPU
		{FE5E8B3C-3058-4CCC-9785-018DE26DC478}.Release|Any CPU.ActiveCfg = Release|Any CPU
		{FE5E8B3C-3058-4CCC-9785-018DE26DC478}.Release|Any CPU.Build.0 = Release|Any CPU
		{D45D4C79-1BAC-4164-BA7F-3901EE5C2225}.Debug|Any CPU.ActiveCfg = Debug|Any CPU
		{D45D4C79-1BAC-4164-BA7F-3901EE5C2225}.Debug|Any CPU.Build.0 = Debug|Any CPU
		{D45D4C79-1BAC-4164-BA7F-3901EE5C2225}.Release|Any CPU.ActiveCfg = Release|Any CPU
		{D45D4C79-1BAC-4164-BA7F-3901EE5C2225}.Release|Any CPU.Build.0 = Release|Any CPU
		{DF0CF49D-1EB4-4239-A7F4-E0053BA0FB40}.Debug|Any CPU.ActiveCfg = Debug|Any CPU
		{DF0CF49D-1EB4-4239-A7F4-E0053BA0FB40}.Debug|Any CPU.Build.0 = Debug|Any CPU
		{DF0CF49D-1EB4-4239-A7F4-E0053BA0FB40}.Release|Any CPU.ActiveCfg = Release|Any CPU
		{DF0CF49D-1EB4-4239-A7F4-E0053BA0FB40}.Release|Any CPU.Build.0 = Release|Any CPU
		{C109D240-9A99-42E3-9972-A52BB20D2070}.Debug|Any CPU.ActiveCfg = Debug|Any CPU
		{C109D240-9A99-42E3-9972-A52BB20D2070}.Debug|Any CPU.Build.0 = Debug|Any CPU
		{C109D240-9A99-42E3-9972-A52BB20D2070}.Release|Any CPU.ActiveCfg = Release|Any CPU
		{C109D240-9A99-42E3-9972-A52BB20D2070}.Release|Any CPU.Build.0 = Release|Any CPU
		{E0F88817-B1B9-4B59-A8CE-2D5E997AC6B7}.Debug|Any CPU.ActiveCfg = Debug|Any CPU
		{E0F88817-B1B9-4B59-A8CE-2D5E997AC6B7}.Debug|Any CPU.Build.0 = Debug|Any CPU
		{E0F88817-B1B9-4B59-A8CE-2D5E997AC6B7}.Release|Any CPU.ActiveCfg = Release|Any CPU
		{E0F88817-B1B9-4B59-A8CE-2D5E997AC6B7}.Release|Any CPU.Build.0 = Release|Any CPU
		{76669E89-E251-414E-8C16-96163BDAE986}.Debug|Any CPU.ActiveCfg = Debug|Any CPU
		{76669E89-E251-414E-8C16-96163BDAE986}.Debug|Any CPU.Build.0 = Debug|Any CPU
		{76669E89-E251-414E-8C16-96163BDAE986}.Release|Any CPU.ActiveCfg = Release|Any CPU
		{76669E89-E251-414E-8C16-96163BDAE986}.Release|Any CPU.Build.0 = Release|Any CPU
		{4CCB8E3B-2916-4BF8-A168-DD7E4C7481FB}.Debug|Any CPU.ActiveCfg = Debug|Any CPU
		{4CCB8E3B-2916-4BF8-A168-DD7E4C7481FB}.Debug|Any CPU.Build.0 = Debug|Any CPU
		{4CCB8E3B-2916-4BF8-A168-DD7E4C7481FB}.Release|Any CPU.ActiveCfg = Release|Any CPU
		{4CCB8E3B-2916-4BF8-A168-DD7E4C7481FB}.Release|Any CPU.Build.0 = Release|Any CPU
		{A1644B9A-370A-471A-91B0-080798E7E378}.Debug|Any CPU.ActiveCfg = Debug|Any CPU
		{A1644B9A-370A-471A-91B0-080798E7E378}.Debug|Any CPU.Build.0 = Debug|Any CPU
		{A1644B9A-370A-471A-91B0-080798E7E378}.Release|Any CPU.ActiveCfg = Release|Any CPU
		{A1644B9A-370A-471A-91B0-080798E7E378}.Release|Any CPU.Build.0 = Release|Any CPU
		{D74C1F3A-F896-4EFA-98E3-B1F2E912E78C}.Debug|Any CPU.ActiveCfg = Debug|Any CPU
		{D74C1F3A-F896-4EFA-98E3-B1F2E912E78C}.Debug|Any CPU.Build.0 = Debug|Any CPU
		{D74C1F3A-F896-4EFA-98E3-B1F2E912E78C}.Release|Any CPU.ActiveCfg = Release|Any CPU
		{D74C1F3A-F896-4EFA-98E3-B1F2E912E78C}.Release|Any CPU.Build.0 = Release|Any CPU
		{A4D9D7A8-187F-4F1B-9448-D60BF8948F1C}.Debug|Any CPU.ActiveCfg = Debug|Any CPU
		{A4D9D7A8-187F-4F1B-9448-D60BF8948F1C}.Debug|Any CPU.Build.0 = Debug|Any CPU
		{A4D9D7A8-187F-4F1B-9448-D60BF8948F1C}.Release|Any CPU.ActiveCfg = Release|Any CPU
		{A4D9D7A8-187F-4F1B-9448-D60BF8948F1C}.Release|Any CPU.Build.0 = Release|Any CPU
		{95C7D15E-6810-48E7-AA91-CEC1108CC076}.Debug|Any CPU.ActiveCfg = Debug|Any CPU
		{95C7D15E-6810-48E7-AA91-CEC1108CC076}.Debug|Any CPU.Build.0 = Debug|Any CPU
		{95C7D15E-6810-48E7-AA91-CEC1108CC076}.Release|Any CPU.ActiveCfg = Release|Any CPU
		{95C7D15E-6810-48E7-AA91-CEC1108CC076}.Release|Any CPU.Build.0 = Release|Any CPU
		{E8A965F9-0388-4D94-AB62-2963A029A967}.Debug|Any CPU.ActiveCfg = Debug|Any CPU
		{E8A965F9-0388-4D94-AB62-2963A029A967}.Debug|Any CPU.Build.0 = Debug|Any CPU
		{E8A965F9-0388-4D94-AB62-2963A029A967}.Release|Any CPU.ActiveCfg = Release|Any CPU
		{E8A965F9-0388-4D94-AB62-2963A029A967}.Release|Any CPU.Build.0 = Release|Any CPU
		{AB3BBCB0-98AF-49B6-A890-67F348437A40}.Debug|Any CPU.ActiveCfg = Debug|Any CPU
		{AB3BBCB0-98AF-49B6-A890-67F348437A40}.Debug|Any CPU.Build.0 = Debug|Any CPU
		{AB3BBCB0-98AF-49B6-A890-67F348437A40}.Release|Any CPU.ActiveCfg = Release|Any CPU
		{AB3BBCB0-98AF-49B6-A890-67F348437A40}.Release|Any CPU.Build.0 = Release|Any CPU
		{F6788837-A241-4DE5-8BBE-680BF6516986}.Debug|Any CPU.ActiveCfg = Debug|Any CPU
		{F6788837-A241-4DE5-8BBE-680BF6516986}.Debug|Any CPU.Build.0 = Debug|Any CPU
		{F6788837-A241-4DE5-8BBE-680BF6516986}.Release|Any CPU.ActiveCfg = Release|Any CPU
		{F6788837-A241-4DE5-8BBE-680BF6516986}.Release|Any CPU.Build.0 = Release|Any CPU
	EndGlobalSection
	GlobalSection(SolutionProperties) = preSolution
		HideSolutionNode = FALSE
	EndGlobalSection
	GlobalSection(NestedProjects) = preSolution
		{0942306E-A94A-40D4-8238-604A176BF84C} = {0E0E7612-C4B7-475D-A749-5F0F2CF7349E}
		{36D4EBA6-1A79-431B-B4DA-21D54FCB6D58} = {0E0E7612-C4B7-475D-A749-5F0F2CF7349E}
		{4B6FA796-D2FD-4E81-B473-7AAE4C1A765A} = {0E0E7612-C4B7-475D-A749-5F0F2CF7349E}
		{C54DB4FB-5CC9-4D41-AB12-13ACEECBE0D2} = {0CA36793-8D54-47CD-AFA7-6E5D9663D500}
		{0D8DC2AC-2297-4338-8DEF-3E015B174949} = {0CA36793-8D54-47CD-AFA7-6E5D9663D500}
		{24C0120E-4D38-429E-918C-65B0180CA972} = {0CA36793-8D54-47CD-AFA7-6E5D9663D500}
		{90EA7BD1-F62B-4BE7-B60A-EA3AE23907C3} = {15FF1CF7-5579-4014-AF40-D0616AE8399D}
		{FE5E8B3C-3058-4CCC-9785-018DE26DC478} = {15FF1CF7-5579-4014-AF40-D0616AE8399D}
		{D45D4C79-1BAC-4164-BA7F-3901EE5C2225} = {15FF1CF7-5579-4014-AF40-D0616AE8399D}
		{DF0CF49D-1EB4-4239-A7F4-E0053BA0FB40} = {0178F105-6139-4B30-8FB9-54653F192A4B}
		{C109D240-9A99-42E3-9972-A52BB20D2070} = {0178F105-6139-4B30-8FB9-54653F192A4B}
		{E0F88817-B1B9-4B59-A8CE-2D5E997AC6B7} = {0178F105-6139-4B30-8FB9-54653F192A4B}
		{76669E89-E251-414E-8C16-96163BDAE986} = {8E04A9CC-EE88-4F46-AEDE-C930DF46F226}
		{4CCB8E3B-2916-4BF8-A168-DD7E4C7481FB} = {8E04A9CC-EE88-4F46-AEDE-C930DF46F226}
		{A1644B9A-370A-471A-91B0-080798E7E378} = {8E04A9CC-EE88-4F46-AEDE-C930DF46F226}
		{D74C1F3A-F896-4EFA-98E3-B1F2E912E78C} = {0AAC4659-0CF4-47BA-9AF2-0E3FF64652A8}
		{A4D9D7A8-187F-4F1B-9448-D60BF8948F1C} = {0AAC4659-0CF4-47BA-9AF2-0E3FF64652A8}
		{95C7D15E-6810-48E7-AA91-CEC1108CC076} = {0AAC4659-0CF4-47BA-9AF2-0E3FF64652A8}
		{E8A965F9-0388-4D94-AB62-2963A029A967} = {7D4CFA5D-430C-48EE-8BA3-3EC7AA081942}
		{AB3BBCB0-98AF-49B6-A890-67F348437A40} = {7D4CFA5D-430C-48EE-8BA3-3EC7AA081942}
		{F6788837-A241-4DE5-8BBE-680BF6516986} = {7D4CFA5D-430C-48EE-8BA3-3EC7AA081942}
	EndGlobalSection
	GlobalSection(ExtensibilityGlobals) = postSolution
		SolutionGuid = {9F7921BB-DE2C-44B0-8934-485FBE34510B}
	EndGlobalSection
EndGlobal
